{
  "name": "rq-001-clock-injection",
  "version": "1.0.0",
  "lockfileVersion": 3,
  "requires": true,
  "packages": {
    "": {
      "name": "rq-001-clock-injection",
      "version": "1.0.0",
      "license": "ISC",
      "dependencies": {
        "ulidx": "^2.4.1"
      }
    },
    "node_modules/layerr": {
      "version": "3.0.0",
      "resolved": "https://registry.npmjs.org/layerr/-/layerr-3.0.0.tgz",
      "integrity": "sha512-tv754Ki2dXpPVApOrjTyRo4/QegVb9eVFq4mjqp4+NM5NaX7syQvN5BBNfV/ZpAHCEHV24XdUVrBAoka4jt3pA==",
      "license": "MIT"
    },
    "node_modules/ulidx": {
      "version": "2.4.1",
      "resolved": "https://registry.npmjs.org/ulidx/-/ulidx-2.4.1.tgz",
      "integrity": "sha512-xY7c8LPyzvhvew0Fn+Ek3wBC9STZAuDI/Y5andCKi9AX6/jvfaX45PhsDX8oxgPL0YFp0Jhr8qWMbS/p9375Xg==",
      "license": "MIT",
      "dependencies": {
        "layerr": "^3.0.0"
      },
      "engines": {
        "node": ">=16"
      }
    }
  }
}
